<?xml version="1.0" encoding="UTF-8" standalone="yes" ?>
<CodeBlocks_project_file>
	<FileVersion major="1" minor="6" />
	<Project>
		<Option title="Client" />
		<Option pch_mode="2" />
		<Option compiler="gcc" />
		<Build>
			<Target title="Debug">
				<Option output="bin/Debug/Client" prefix_auto="1" extension_auto="1" />
				<Option object_output="obj/Debug/" />
				<Option type="1" />
				<Option compiler="gcc" />
				<Compiler>
					<Add option="-g" />
				</Compiler>
			</Target>
			<Target title="Release">
				<Option output="bin/Release/Client" prefix_auto="1" extension_auto="1" />
				<Option object_output="obj/Release/" />
				<Option type="1" />
				<Option compiler="gcc" />
				<Compiler>
					<Add option="-O2" />
				</Compiler>
				<Linker>
					<Add option="-s" />
				</Linker>
			</Target>
			<Target title="test">
				<Option output="bin/test/Client" prefix_auto="1" extension_auto="1" />
				<Option working_dir="bin/test/" />
				<Option object_output="obj/test/" />
				<Option type="0" />
				<Option compiler="gcc" />
				<Option projectLinkerOptionsRelation="2" />
				<Compiler>
					<Add option="-O2" />
				</Compiler>
				<Linker>
					<Add option="-s" />
				</Linker>
			</Target>
		</Build>
		<Compiler>
			<Add option="-Wall" />
			<Add option="`wx-config --cxxflags`" />
			<Add directory="/media/D/Tools/wxWidgets-2.9.4/include" />
		</Compiler>
		<Linker>
			<Add option="`wx-config --libs`" />
			<Add option="-lwx_gtk2u_richtext-2.9" />
		</Linker>
		<Unit filename="include/ChatListItem.h" />
		<Unit filename="include/ChatPerson.h" />
		<Unit filename="include/ChatTabUI.h" />
		<Unit filename="include/LoginDialog.h" />
		<Unit filename="include/Main.h" />
		<Unit filename="include/myRTC.h" />
		<Unit filename="src/ChatListItem.cpp" />
		<Unit filename="src/ChatPerson.cpp" />
		<Unit filename="src/ChatTabUI.cpp" />
		<Unit filename="src/LoginDialog.cpp" />
		<Unit filename="src/Main.cpp" />
		<Unit filename="src/myRTC.cpp" />
		<Extensions>
			<code_completion>
				<search_path add="include" />
			</code_completion>
			<debugger />
		</Extensions>
	</Project>
</CodeBlocks_project_file>
